
Microsoft Visual Studio Solution File, Format Version 12.00
# Visual Studio Version 16
VisualStudioVersion = 16.0.30804.86
MinimumVisualStudioVersion = 10.0.40219.1
Project("{FAE04EC0-301F-11D3-BF4B-00C04F79EFBC}") = "Mod Bot", "Mod Bot\Mod Bot.csproj", "{03E2C80B-9BD4-488B-BF9E-3183F665D6B2}"
EndProject
Project("{FAE04EC0-301F-11D3-BF4B-00C04F79EFBC}") = "Injections", "InjectionClasses\Injections.csproj", "{4C008C40-89DA-4EB7-BC4C-F4CBD7722BB9}"
EndProject
Project("{FAE04EC0-301F-11D3-BF4B-00C04F79EFBC}") = "Injector", "Injector\Injector.csproj", "{1579ADFD-8F1A-4188-9A65-867FDAB22F28}"
EndProject
Global
	GlobalSection(SolutionConfigurationPlatforms) = preSolution
		Debug|Any CPU = Debug|Any CPU
		Release|Any CPU = Release|Any CPU
	EndGlobalSection
	GlobalSection(ProjectConfigurationPlatforms) = postSolution
		{03E2C80B-9BD4-488B-BF9E-3183F665D6B2}.Debug|Any CPU.ActiveCfg = Release|Any CPU
		{03E2C80B-9BD4-488B-BF9E-3183F665D6B2}.Debug|Any CPU.Build.0 = Release|Any CPU
		{03E2C80B-9BD4-488B-BF9E-3183F665D6B2}.Release|Any CPU.ActiveCfg = Release|Any CPU
		{03E2C80B-9BD4-488B-BF9E-3183F665D6B2}.Release|Any CPU.Build.0 = Release|Any CPU
		{4C008C40-89DA-4EB7-BC4C-F4CBD7722BB9}.Debug|Any CPU.ActiveCfg = Release|Any CPU
		{4C008C40-89DA-4EB7-BC4C-F4CBD7722BB9}.Debug|Any CPU.Build.0 = Release|Any CPU
		{4C008C40-89DA-4EB7-BC4C-F4CBD7722BB9}.Release|Any CPU.ActiveCfg = Release|Any CPU
		{4C008C40-89DA-4EB7-BC4C-F4CBD7722BB9}.Release|Any CPU.Build.0 = Release|Any CPU
		{1579ADFD-8F1A-4188-9A65-867FDAB22F28}.Debug|Any CPU.ActiveCfg = Debug|Any CPU
		{1579ADFD-8F1A-4188-9A65-867FDAB22F28}.Debug|Any CPU.Build.0 = Debug|Any CPU
		{1579ADFD-8F1A-4188-9A65-867FDAB22F28}.Release|Any CPU.ActiveCfg = Release|Any CPU
		{1579ADFD-8F1A-4188-9A65-867FDAB22F28}.Release|Any CPU.Build.0 = Release|Any CPU
	EndGlobalSection
	GlobalSection(SolutionProperties) = preSolution
		HideSolutionNode = FALSE
	EndGlobalSection
	GlobalSection(ExtensibilityGlobals) = postSolution
		SolutionGuid = {D16CF058-4766-4755-9D08-B5F73B21B5A9}
	EndGlobalSection
EndGlobal
